{
  "name": "Jars",
  "version": "0.0.3",
  "lockfileVersion": 1,
  "requires": true,
  "dependencies": {
    "chartist": {
      "version": "0.11.0",
      "resolved": "https://registry.npmjs.org/chartist/-/chartist-0.11.0.tgz",
      "integrity": "sha1-hLpeBUkNCW2T3PqTQ+vDHvajvSg=",
      "dev": true
    },
    "vue-chartist": {
      "version": "2.1.2",
      "resolved": "https://registry.npmjs.org/vue-chartist/-/vue-chartist-2.1.2.tgz",
      "integrity": "sha512-vczzRRFCU2L5iGfTNp1S5HLRyXtGihbZrKlnarXZwIcbfJGGs97vCQM7ESWUihz2hBUrBWQNUSN/wd5jd5WFyA==",
      "dev": true,
      "requires": {
        "chartist": "0.11.0"
      }
    }
  }
}
